// !$*UTF8*$!
{
	archiveVersion = 1;
	classes = {
	};
	objectVersion = 56;
	objects = {

/* Begin PBXBuildFile section */
		764C69312C2425DB0077F29D /* TripManagerApp.swift in Sources */ = {isa = PBXBuildFile; fileRef = 764C69302C2425DB0077F29D /* TripManagerApp.swift */; };
		764C69332C2425DB0077F29D /* ContentView.swift in Sources */ = {isa = PBXBuildFile; fileRef = 764C69322C2425DB0077F29D /* ContentView.swift */; };
		764C69352C2425DC0077F29D /* Assets.xcassets in Resources */ = {isa = PBXBuildFile; fileRef = 764C69342C2425DC0077F29D /* Assets.xcassets */; };
		764C69382C2425DC0077F29D /* Preview Assets.xcassets in Resources */ = {isa = PBXBuildFile; fileRef = 764C69372C2425DC0077F29D /* Preview Assets.xcassets */; };
		764C69422C2425DD0077F29D /* TripManagerTests.swift in Sources */ = {isa = PBXBuildFile; fileRef = 764C69412C2425DD0077F29D /* TripManagerTests.swift */; };
		764C694C2C2425DD0077F29D /* TripManagerUITests.swift in Sources */ = {isa = PBXBuildFile; fileRef = 764C694B2C2425DD0077F29D /* TripManagerUITests.swift */; };
		764C694E2C2425DD0077F29D /* TripManagerUITestsLaunchTests.swift in Sources */ = {isa = PBXBuildFile; fileRef = 764C694D2C2425DD0077F29D /* TripManagerUITestsLaunchTests.swift */; };
		764C69612C2438210077F29D /* Trip.swift in Sources */ = {isa = PBXBuildFile; fileRef = 764C69602C2438210077F29D /* Trip.swift */; };
		764C69632C2438F10077F29D /* NetworkService.swift in Sources */ = {isa = PBXBuildFile; fileRef = 764C69622C2438F10077F29D /* NetworkService.swift */; };
		764C69672C243C310077F29D /* TripListPresenter.swift in Sources */ = {isa = PBXBuildFile; fileRef = 764C69662C243C310077F29D /* TripListPresenter.swift */; };
		764C69692C243C9B0077F29D /* TripListProtocols.swift in Sources */ = {isa = PBXBuildFile; fileRef = 764C69682C243C9B0077F29D /* TripListProtocols.swift */; };
		764C696B2C2442920077F29D /* TripListInteractor.swift in Sources */ = {isa = PBXBuildFile; fileRef = 764C696A2C2442920077F29D /* TripListInteractor.swift */; };
		764C696D2C2443760077F29D /* TripsListRouter.swift in Sources */ = {isa = PBXBuildFile; fileRef = 764C696C2C2443760077F29D /* TripsListRouter.swift */; };
		764C696F2C244E0C0077F29D /* TripListViewWrapper.swift in Sources */ = {isa = PBXBuildFile; fileRef = 764C696E2C244E0C0077F29D /* TripListViewWrapper.swift */; };
		764C69732C2474FB0077F29D /* MapViewModel.swift in Sources */ = {isa = PBXBuildFile; fileRef = 764C69722C2474FB0077F29D /* MapViewModel.swift */; };
		764C69752C24751E0077F29D /* MapView.swift in Sources */ = {isa = PBXBuildFile; fileRef = 764C69742C24751E0077F29D /* MapView.swift */; };
		764C697B2C2479F90077F29D /* MockNetworkService.swift in Sources */ = {isa = PBXBuildFile; fileRef = 764C697A2C2479F90077F29D /* MockNetworkService.swift */; };
		764C697D2C247A0C0077F29D /* MockTripListView.swift in Sources */ = {isa = PBXBuildFile; fileRef = 764C697C2C247A0C0077F29D /* MockTripListView.swift */; };
		764C697F2C247A270077F29D /* MockTripListPresenter.swift in Sources */ = {isa = PBXBuildFile; fileRef = 764C697E2C247A270077F29D /* MockTripListPresenter.swift */; };
		764C69812C247A3A0077F29D /* MockTripListInteractor.swift in Sources */ = {isa = PBXBuildFile; fileRef = 764C69802C247A3A0077F29D /* MockTripListInteractor.swift */; };
		764C69832C247A4C0077F29D /* MockTripListRouter.swift in Sources */ = {isa = PBXBuildFile; fileRef = 764C69822C247A4C0077F29D /* MockTripListRouter.swift */; };
		764C69852C247A610077F29D /* TripListPresenterTests.swift in Sources */ = {isa = PBXBuildFile; fileRef = 764C69842C247A610077F29D /* TripListPresenterTests.swift */; };
		764C69872C247A7D0077F29D /* TripListInteractorTests.swift in Sources */ = {isa = PBXBuildFile; fileRef = 764C69862C247A7D0077F29D /* TripListInteractorTests.swift */; };
		764C69892C247A9B0077F29D /* TripListViewModelTests.swift in Sources */ = {isa = PBXBuildFile; fileRef = 764C69882C247A9B0077F29D /* TripListViewModelTests.swift */; };
		764C698C2C287BAF0077F29D /* Polyline in Frameworks */ = {isa = PBXBuildFile; productRef = 764C698B2C287BAF0077F29D /* Polyline */; };
		764C698E2C28829C0077F29D /* TirpListView.swift in Sources */ = {isa = PBXBuildFile; fileRef = 764C698D2C28829C0077F29D /* TirpListView.swift */; };
/* End PBXBuildFile section */

/* Begin PBXContainerItemProxy section */
		764C693E2C2425DD0077F29D /* PBXContainerItemProxy */ = {
			isa = PBXContainerItemProxy;
			containerPortal = 764C69252C2425DB0077F29D /* Project object */;
			proxyType = 1;
			remoteGlobalIDString = 764C692C2C2425DB0077F29D;
			remoteInfo = TripManager;
		};
		764C69482C2425DD0077F29D /* PBXContainerItemProxy */ = {
			isa = PBXContainerItemProxy;
			containerPortal = 764C69252C2425DB0077F29D /* Project object */;
			proxyType = 1;
			remoteGlobalIDString = 764C692C2C2425DB0077F29D;
			remoteInfo = TripManager;
		};
/* End PBXContainerItemProxy section */

/* Begin PBXFileReference section */
		764C692D2C2425DB0077F29D /* TripManager.app */ = {isa = PBXFileReference; explicitFileType = wrapper.application; includeInIndex = 0; path = TripManager.app; sourceTree = BUILT_PRODUCTS_DIR; };
		764C69302C2425DB0077F29D /* TripManagerApp.swift */ = {isa = PBXFileReference; lastKnownFileType = sourcecode.swift; path = TripManagerApp.swift; sourceTree = "<group>"; };
		764C69322C2425DB0077F29D /* ContentView.swift */ = {isa = PBXFileReference; lastKnownFileType = sourcecode.swift; path = ContentView.swift; sourceTree = "<group>"; };
		764C69342C2425DC0077F29D /* Assets.xcassets */ = {isa = PBXFileReference; lastKnownFileType = folder.assetcatalog; path = Assets.xcassets; sourceTree = "<group>"; };
		764C69372C2425DC0077F29D /* Preview Assets.xcassets */ = {isa = PBXFileReference; lastKnownFileType = folder.assetcatalog; path = "Preview Assets.xcassets"; sourceTree = "<group>"; };
		764C693D2C2425DD0077F29D /* TripManagerTests.xctest */ = {isa = PBXFileReference; explicitFileType = wrapper.cfbundle; includeInIndex = 0; path = TripManagerTests.xctest; sourceTree = BUILT_PRODUCTS_DIR; };
		764C69412C2425DD0077F29D /* TripManagerTests.swift */ = {isa = PBXFileReference; lastKnownFileType = sourcecode.swift; path = TripManagerTests.swift; sourceTree = "<group>"; };
		764C69472C2425DD0077F29D /* TripManagerUITests.xctest */ = {isa = PBXFileReference; explicitFileType = wrapper.cfbundle; includeInIndex = 0; path = TripManagerUITests.xctest; sourceTree = BUILT_PRODUCTS_DIR; };
		764C694B2C2425DD0077F29D /* TripManagerUITests.swift */ = {isa = PBXFileReference; lastKnownFileType = sourcecode.swift; path = TripManagerUITests.swift; sourceTree = "<group>"; };
		764C694D2C2425DD0077F29D /* TripManagerUITestsLaunchTests.swift */ = {isa = PBXFileReference; lastKnownFileType = sourcecode.swift; path = TripManagerUITestsLaunchTests.swift; sourceTree = "<group>"; };
		764C69602C2438210077F29D /* Trip.swift */ = {isa = PBXFileReference; lastKnownFileType = sourcecode.swift; path = Trip.swift; sourceTree = "<group>"; };
		764C69622C2438F10077F29D /* NetworkService.swift */ = {isa = PBXFileReference; lastKnownFileType = sourcecode.swift; path = NetworkService.swift; sourceTree = "<group>"; };
		764C69662C243C310077F29D /* TripListPresenter.swift */ = {isa = PBXFileReference; lastKnownFileType = sourcecode.swift; path = TripListPresenter.swift; sourceTree = "<group>"; };
		764C69682C243C9B0077F29D /* TripListProtocols.swift */ = {isa = PBXFileReference; lastKnownFileType = sourcecode.swift; path = TripListProtocols.swift; sourceTree = "<group>"; };
		764C696A2C2442920077F29D /* TripListInteractor.swift */ = {isa = PBXFileReference; lastKnownFileType = sourcecode.swift; path = TripListInteractor.swift; sourceTree = "<group>"; };
		764C696C2C2443760077F29D /* TripsListRouter.swift */ = {isa = PBXFileReference; lastKnownFileType = sourcecode.swift; path = TripsListRouter.swift; sourceTree = "<group>"; };
		764C696E2C244E0C0077F29D /* TripListViewWrapper.swift */ = {isa = PBXFileReference; lastKnownFileType = sourcecode.swift; path = TripListViewWrapper.swift; sourceTree = "<group>"; };
		764C69722C2474FB0077F29D /* MapViewModel.swift */ = {isa = PBXFileReference; lastKnownFileType = sourcecode.swift; path = MapViewModel.swift; sourceTree = "<group>"; };
		764C69742C24751E0077F29D /* MapView.swift */ = {isa = PBXFileReference; lastKnownFileType = sourcecode.swift; path = MapView.swift; sourceTree = "<group>"; };
		764C697A2C2479F90077F29D /* MockNetworkService.swift */ = {isa = PBXFileReference; lastKnownFileType = sourcecode.swift; path = MockNetworkService.swift; sourceTree = "<group>"; };
		764C697C2C247A0C0077F29D /* MockTripListView.swift */ = {isa = PBXFileReference; lastKnownFileType = sourcecode.swift; path = MockTripListView.swift; sourceTree = "<group>"; };
		764C697E2C247A270077F29D /* MockTripListPresenter.swift */ = {isa = PBXFileReference; lastKnownFileType = sourcecode.swift; path = MockTripListPresenter.swift; sourceTree = "<group>"; };
		764C69802C247A3A0077F29D /* MockTripListInteractor.swift */ = {isa = PBXFileReference; lastKnownFileType = sourcecode.swift; path = MockTripListInteractor.swift; sourceTree = "<group>"; };
		764C69822C247A4C0077F29D /* MockTripListRouter.swift */ = {isa = PBXFileReference; lastKnownFileType = sourcecode.swift; path = MockTripListRouter.swift; sourceTree = "<group>"; };
		764C69842C247A610077F29D /* TripListPresenterTests.swift */ = {isa = PBXFileReference; lastKnownFileType = sourcecode.swift; path = TripListPresenterTests.swift; sourceTree = "<group>"; };
		764C69862C247A7D0077F29D /* TripListInteractorTests.swift */ = {isa = PBXFileReference; lastKnownFileType = sourcecode.swift; path = TripListInteractorTests.swift; sourceTree = "<group>"; };
		764C69882C247A9B0077F29D /* TripListViewModelTests.swift */ = {isa = PBXFileReference; lastKnownFileType = sourcecode.swift; path = TripListViewModelTests.swift; sourceTree = "<group>"; };
		764C698D2C28829C0077F29D /* TirpListView.swift */ = {isa = PBXFileReference; lastKnownFileType = sourcecode.swift; path = TirpListView.swift; sourceTree = "<group>"; };
/* End PBXFileReference section */

/* Begin PBXFrameworksBuildPhase section */
		764C692A2C2425DB0077F29D /* Frameworks */ = {
			isa = PBXFrameworksBuildPhase;
			buildActionMask = 2147483647;
			files = (
				764C698C2C287BAF0077F29D /* Polyline in Frameworks */,
			);
			runOnlyForDeploymentPostprocessing = 0;
		};
		764C693A2C2425DD0077F29D /* Frameworks */ = {
			isa = PBXFrameworksBuildPhase;
			buildActionMask = 2147483647;
			files = (
			);
			runOnlyForDeploymentPostprocessing = 0;
		};
		764C69442C2425DD0077F29D /* Frameworks */ = {
			isa = PBXFrameworksBuildPhase;
			buildActionMask = 2147483647;
			files = (
			);
			runOnlyForDeploymentPostprocessing = 0;
		};
/* End PBXFrameworksBuildPhase section */

/* Begin PBXGroup section */
		764C69242C2425DB0077F29D = {
			isa = PBXGroup;
			children = (
				764C692F2C2425DB0077F29D /* TripManager */,
				764C69402C2425DD0077F29D /* TripManagerTests */,
				764C694A2C2425DD0077F29D /* TripManagerUITests */,
				764C692E2C2425DB0077F29D /* Products */,
			);
			sourceTree = "<group>";
		};
		764C692E2C2425DB0077F29D /* Products */ = {
			isa = PBXGroup;
			children = (
				764C692D2C2425DB0077F29D /* TripManager.app */,
				764C693D2C2425DD0077F29D /* TripManagerTests.xctest */,
				764C69472C2425DD0077F29D /* TripManagerUITests.xctest */,
			);
			name = Products;
			sourceTree = "<group>";
		};
		764C692F2C2425DB0077F29D /* TripManager */ = {
			isa = PBXGroup;
			children = (
				764C695F2C2435150077F29D /* Network */,
				764C695E2C24350D0077F29D /* Routers  */,
				764C695D2C2435060077F29D /* Presenters */,
				764C695C2C2434FD0077F29D /* Interactors */,
				764C695B2C2434F00077F29D /* Views */,
				764C695A2C2434E70077F29D /* Models */,
				764C69302C2425DB0077F29D /* TripManagerApp.swift */,
				764C69322C2425DB0077F29D /* ContentView.swift */,
				764C69342C2425DC0077F29D /* Assets.xcassets */,
				764C69362C2425DC0077F29D /* Preview Content */,
			);
			path = TripManager;
			sourceTree = "<group>";
		};
		764C69362C2425DC0077F29D /* Preview Content */ = {
			isa = PBXGroup;
			children = (
				764C69372C2425DC0077F29D /* Preview Assets.xcassets */,
			);
			path = "Preview Content";
			sourceTree = "<group>";
		};
		764C69402C2425DD0077F29D /* TripManagerTests */ = {
			isa = PBXGroup;
			children = (
				764C69792C24799E0077F29D /* Mocks */,
				764C69782C2479990077F29D /* ViewModelTests */,
				764C69772C24798E0077F29D /* PresenterTests */,
				764C69762C2479820077F29D /* InteractorTests */,
				764C69412C2425DD0077F29D /* TripManagerTests.swift */,
			);
			path = TripManagerTests;
			sourceTree = "<group>";
		};
		764C694A2C2425DD0077F29D /* TripManagerUITests */ = {
			isa = PBXGroup;
			children = (
				764C694B2C2425DD0077F29D /* TripManagerUITests.swift */,
				764C694D2C2425DD0077F29D /* TripManagerUITestsLaunchTests.swift */,
			);
			path = TripManagerUITests;
			sourceTree = "<group>";
		};
		764C695A2C2434E70077F29D /* Models */ = {
			isa = PBXGroup;
			children = (
				764C69602C2438210077F29D /* Trip.swift */,
				764C69722C2474FB0077F29D /* MapViewModel.swift */,
			);
			path = Models;
			sourceTree = "<group>";
		};
		764C695B2C2434F00077F29D /* Views */ = {
			isa = PBXGroup;
			children = (
				764C69682C243C9B0077F29D /* TripListProtocols.swift */,
				764C696E2C244E0C0077F29D /* TripListViewWrapper.swift */,
				764C69742C24751E0077F29D /* MapView.swift */,
				764C698D2C28829C0077F29D /* TirpListView.swift */,
			);
			path = Views;
			sourceTree = "<group>";
		};
		764C695C2C2434FD0077F29D /* Interactors */ = {
			isa = PBXGroup;
			children = (
				764C696A2C2442920077F29D /* TripListInteractor.swift */,
			);
			path = Interactors;
			sourceTree = "<group>";
		};
		764C695D2C2435060077F29D /* Presenters */ = {
			isa = PBXGroup;
			children = (
				764C69662C243C310077F29D /* TripListPresenter.swift */,
			);
			path = Presenters;
			sourceTree = "<group>";
		};
		764C695E2C24350D0077F29D /* Routers  */ = {
			isa = PBXGroup;
			children = (
				764C696C2C2443760077F29D /* TripsListRouter.swift */,
			);
			path = "Routers ";
			sourceTree = "<group>";
		};
		764C695F2C2435150077F29D /* Network */ = {
			isa = PBXGroup;
			children = (
				764C69622C2438F10077F29D /* NetworkService.swift */,
			);
			path = Network;
			sourceTree = "<group>";
		};
		764C69762C2479820077F29D /* InteractorTests */ = {
			isa = PBXGroup;
			children = (
				764C69862C247A7D0077F29D /* TripListInteractorTests.swift */,
			);
			path = InteractorTests;
			sourceTree = "<group>";
		};
		764C69772C24798E0077F29D /* PresenterTests */ = {
			isa = PBXGroup;
			children = (
				764C69842C247A610077F29D /* TripListPresenterTests.swift */,
			);
			path = PresenterTests;
			sourceTree = "<group>";
		};
		764C69782C2479990077F29D /* ViewModelTests */ = {
			isa = PBXGroup;
			children = (
				764C69882C247A9B0077F29D /* TripListViewModelTests.swift */,
			);
			path = ViewModelTests;
			sourceTree = "<group>";
		};
		764C69792C24799E0077F29D /* Mocks */ = {
			isa = PBXGroup;
			children = (
				764C697A2C2479F90077F29D /* MockNetworkService.swift */,
				764C697C2C247A0C0077F29D /* MockTripListView.swift */,
				764C697E2C247A270077F29D /* MockTripListPresenter.swift */,
				764C69802C247A3A0077F29D /* MockTripListInteractor.swift */,
				764C69822C247A4C0077F29D /* MockTripListRouter.swift */,
			);
			path = Mocks;
			sourceTree = "<group>";
		};
/* End PBXGroup section */

/* Begin PBXNativeTarget section */
		764C692C2C2425DB0077F29D /* TripManager */ = {
			isa = PBXNativeTarget;
			buildConfigurationList = 764C69512C2425DD0077F29D /* Build configuration list for PBXNativeTarget "TripManager" */;
			buildPhases = (
				764C69292C2425DB0077F29D /* Sources */,
				764C692A2C2425DB0077F29D /* Frameworks */,
				764C692B2C2425DB0077F29D /* Resources */,
			);
			buildRules = (
			);
			dependencies = (
			);
			name = TripManager;
			packageProductDependencies = (
				764C698B2C287BAF0077F29D /* Polyline */,
			);
			productName = TripManager;
			productReference = 764C692D2C2425DB0077F29D /* TripManager.app */;
			productType = "com.apple.product-type.application";
		};
		764C693C2C2425DD0077F29D /* TripManagerTests */ = {
			isa = PBXNativeTarget;
			buildConfigurationList = 764C69542C2425DD0077F29D /* Build configuration list for PBXNativeTarget "TripManagerTests" */;
			buildPhases = (
				764C69392C2425DD0077F29D /* Sources */,
				764C693A2C2425DD0077F29D /* Frameworks */,
				764C693B2C2425DD0077F29D /* Resources */,
			);
			buildRules = (
			);
			dependencies = (
				764C693F2C2425DD0077F29D /* PBXTargetDependency */,
			);
			name = TripManagerTests;
			productName = TripManagerTests;
			productReference = 764C693D2C2425DD0077F29D /* TripManagerTests.xctest */;
			productType = "com.apple.product-type.bundle.unit-test";
		};
		764C69462C2425DD0077F29D /* TripManagerUITests */ = {
			isa = PBXNativeTarget;
			buildConfigurationList = 764C69572C2425DD0077F29D /* Build configuration list for PBXNativeTarget "TripManagerUITests" */;
			buildPhases = (
				764C69432C2425DD0077F29D /* Sources */,
				764C69442C2425DD0077F29D /* Frameworks */,
				764C69452C2425DD0077F29D /* Resources */,
			);
			buildRules = (
			);
			dependencies = (
				764C69492C2425DD0077F29D /* PBXTargetDependency */,
			);
			name = TripManagerUITests;
			productName = TripManagerUITests;
			productReference = 764C69472C2425DD0077F29D /* TripManagerUITests.xctest */;
			productType = "com.apple.product-type.bundle.ui-testing";
		};
/* End PBXNativeTarget section */

/* Begin PBXProject section */
		764C69252C2425DB0077F29D /* Project object */ = {
			isa = PBXProject;
			attributes = {
				BuildIndependentTargetsInParallel = 1;
				LastSwiftUpdateCheck = 1430;
				LastUpgradeCheck = 1430;
				TargetAttributes = {
					764C692C2C2425DB0077F29D = {
						CreatedOnToolsVersion = 14.3.1;
					};
					764C693C2C2425DD0077F29D = {
						CreatedOnToolsVersion = 14.3.1;
						TestTargetID = 764C692C2C2425DB0077F29D;
					};
					764C69462C2425DD0077F29D = {
						CreatedOnToolsVersion = 14.3.1;
						TestTargetID = 764C692C2C2425DB0077F29D;
					};
				};
			};
			buildConfigurationList = 764C69282C2425DB0077F29D /* Build configuration list for PBXProject "TripManager" */;
			compatibilityVersion = "Xcode 14.0";
			developmentRegion = en;
			hasScannedForEncodings = 0;
			knownRegions = (
				en,
				Base,
			);
			mainGroup = 764C69242C2425DB0077F29D;
			packageReferences = (
				764C698A2C287BAF0077F29D /* XCRemoteSwiftPackageReference "Polyline" */,
			);
			productRefGroup = 764C692E2C2425DB0077F29D /* Products */;
			projectDirPath = "";
			projectRoot = "";
			targets = (
				764C692C2C2425DB0077F29D /* TripManager */,
				764C693C2C2425DD0077F29D /* TripManagerTests */,
				764C69462C2425DD0077F29D /* TripManagerUITests */,
			);
		};
/* End PBXProject section */

/* Begin PBXResourcesBuildPhase section */
		764C692B2C2425DB0077F29D /* Resources */ = {
			isa = PBXResourcesBuildPhase;
			buildActionMask = 2147483647;
			files = (
				764C69382C2425DC0077F29D /* Preview Assets.xcassets in Resources */,
				764C69352C2425DC0077F29D /* Assets.xcassets in Resources */,
			);
			runOnlyForDeploymentPostprocessing = 0;
		};
		764C693B2C2425DD0077F29D /* Resources */ = {
			isa = PBXResourcesBuildPhase;
			buildActionMask = 2147483647;
			files = (
			);
			runOnlyForDeploymentPostprocessing = 0;
		};
		764C69452C2425DD0077F29D /* Resources */ = {
			isa = PBXResourcesBuildPhase;
			buildActionMask = 2147483647;
			files = (
			);
			runOnlyForDeploymentPostprocessing = 0;
		};
/* End PBXResourcesBuildPhase section */

/* Begin PBXSourcesBuildPhase section */
		764C69292C2425DB0077F29D /* Sources */ = {
			isa = PBXSourcesBuildPhase;
			buildActionMask = 2147483647;
			files = (
				764C69612C2438210077F29D /* Trip.swift in Sources */,
				764C69732C2474FB0077F29D /* MapViewModel.swift in Sources */,
				764C696B2C2442920077F29D /* TripListInteractor.swift in Sources */,
				764C69752C24751E0077F29D /* MapView.swift in Sources */,
				764C696D2C2443760077F29D /* TripsListRouter.swift in Sources */,
				764C69332C2425DB0077F29D /* ContentView.swift in Sources */,
				764C69632C2438F10077F29D /* NetworkService.swift in Sources */,
				764C69672C243C310077F29D /* TripListPresenter.swift in Sources */,
				764C69312C2425DB0077F29D /* TripManagerApp.swift in Sources */,
				764C696F2C244E0C0077F29D /* TripListViewWrapper.swift in Sources */,
				764C69692C243C9B0077F29D /* TripListProtocols.swift in Sources */,
				764C698E2C28829C0077F29D /* TirpListView.swift in Sources */,
			);
			runOnlyForDeploymentPostprocessing = 0;
		};
		764C69392C2425DD0077F29D /* Sources */ = {
			isa = PBXSourcesBuildPhase;
			buildActionMask = 2147483647;
			files = (
				764C697B2C2479F90077F29D /* MockNetworkService.swift in Sources */,
				764C69872C247A7D0077F29D /* TripListInteractorTests.swift in Sources */,
				764C69422C2425DD0077F29D /* TripManagerTests.swift in Sources */,
				764C697D2C247A0C0077F29D /* MockTripListView.swift in Sources */,
				764C69832C247A4C0077F29D /* MockTripListRouter.swift in Sources */,
				764C69812C247A3A0077F29D /* MockTripListInteractor.swift in Sources */,
				764C69852C247A610077F29D /* TripListPresenterTests.swift in Sources */,
				764C69892C247A9B0077F29D /* TripListViewModelTests.swift in Sources */,
				764C697F2C247A270077F29D /* MockTripListPresenter.swift in Sources */,
			);
			runOnlyForDeploymentPostprocessing = 0;
		};
		764C69432C2425DD0077F29D /* Sources */ = {
			isa = PBXSourcesBuildPhase;
			buildActionMask = 2147483647;
			files = (
				764C694C2C2425DD0077F29D /* TripManagerUITests.swift in Sources */,
				764C694E2C2425DD0077F29D /* TripManagerUITestsLaunchTests.swift in Sources */,
			);
			runOnlyForDeploymentPostprocessing = 0;
		};
/* End PBXSourcesBuildPhase section */

/* Begin PBXTargetDependency section */
		764C693F2C2425DD0077F29D /* PBXTargetDependency */ = {
			isa = PBXTargetDependency;
			target = 764C692C2C2425DB0077F29D /* TripManager */;
			targetProxy = 764C693E2C2425DD0077F29D /* PBXContainerItemProxy */;
		};
		764C69492C2425DD0077F29D /* PBXTargetDependency */ = {
			isa = PBXTargetDependency;
			target = 764C692C2C2425DB0077F29D /* TripManager */;
			targetProxy = 764C69482C2425DD0077F29D /* PBXContainerItemProxy */;
		};
/* End PBXTargetDependency section */

/* Begin XCBuildConfiguration section */
		764C694F2C2425DD0077F29D /* Debug */ = {
			isa = XCBuildConfiguration;
			buildSettings = {
				ALWAYS_SEARCH_USER_PATHS = NO;
				CLANG_ANALYZER_NONNULL = YES;
				CLANG_ANALYZER_NUMBER_OBJECT_CONVERSION = YES_AGGRESSIVE;
				CLANG_CXX_LANGUAGE_STANDARD = "gnu++20";
				CLANG_ENABLE_MODULES = YES;
				CLANG_ENABLE_OBJC_ARC = YES;
				CLANG_ENABLE_OBJC_WEAK = YES;
				CLANG_WARN_BLOCK_CAPTURE_AUTORELEASING = YES;
				CLANG_WARN_BOOL_CONVERSION = YES;
				CLANG_WARN_COMMA = YES;
				CLANG_WARN_CONSTANT_CONVERSION = YES;
				CLANG_WARN_DEPRECATED_OBJC_IMPLEMENTATIONS = YES;
				CLANG_WARN_DIRECT_OBJC_ISA_USAGE = YES_ERROR;
				CLANG_WARN_DOCUMENTATION_COMMENTS = YES;
				CLANG_WARN_EMPTY_BODY = YES;
				CLANG_WARN_ENUM_CONVERSION = YES;
				CLANG_WARN_INFINITE_RECURSION = YES;
				CLANG_WARN_INT_CONVERSION = YES;
				CLANG_WARN_NON_LITERAL_NULL_CONVERSION = YES;
				CLANG_WARN_OBJC_IMPLICIT_RETAIN_SELF = YES;
				CLANG_WARN_OBJC_LITERAL_CONVERSION = YES;
				CLANG_WARN_OBJC_ROOT_CLASS = YES_ERROR;
				CLANG_WARN_QUOTED_INCLUDE_IN_FRAMEWORK_HEADER = YES;
				CLANG_WARN_RANGE_LOOP_ANALYSIS = YES;
				CLANG_WARN_STRICT_PROTOTYPES = YES;
				CLANG_WARN_SUSPICIOUS_MOVE = YES;
				CLANG_WARN_UNGUARDED_AVAILABILITY = YES_AGGRESSIVE;
				CLANG_WARN_UNREACHABLE_CODE = YES;
				CLANG_WARN__DUPLICATE_METHOD_MATCH = YES;
				COPY_PHASE_STRIP = NO;
				DEBUG_INFORMATION_FORMAT = dwarf;
				ENABLE_STRICT_OBJC_MSGSEND = YES;
				ENABLE_TESTABILITY = YES;
				GCC_C_LANGUAGE_STANDARD = gnu11;
				GCC_DYNAMIC_NO_PIC = NO;
				GCC_NO_COMMON_BLOCKS = YES;
				GCC_OPTIMIZATION_LEVEL = 0;
				GCC_PREPROCESSOR_DEFINITIONS = (
					"DEBUG=1",
					"$(inherited)",
				);
				GCC_WARN_64_TO_32_BIT_CONVERSION = YES;
				GCC_WARN_ABOUT_RETURN_TYPE = YES_ERROR;
				GCC_WARN_UNDECLARED_SELECTOR = YES;
				GCC_WARN_UNINITIALIZED_AUTOS = YES_AGGRESSIVE;
				GCC_WARN_UNUSED_FUNCTION = YES;
				GCC_WARN_UNUSED_VARIABLE = YES;
				IPHONEOS_DEPLOYMENT_TARGET = 16.4;
				MTL_ENABLE_DEBUG_INFO = INCLUDE_SOURCE;
				MTL_FAST_MATH = YES;
				ONLY_ACTIVE_ARCH = YES;
				SDKROOT = iphoneos;
				SWIFT_ACTIVE_COMPILATION_CONDITIONS = DEBUG;
				SWIFT_OPTIMIZATION_LEVEL = "-Onone";
			};
			name = Debug;
		};
		764C69502C2425DD0077F29D /* Release */ = {
			isa = XCBuildConfiguration;
			buildSettings = {
				ALWAYS_SEARCH_USER_PATHS = NO;
				CLANG_ANALYZER_NONNULL = YES;
				CLANG_ANALYZER_NUMBER_OBJECT_CONVERSION = YES_AGGRESSIVE;
				CLANG_CXX_LANGUAGE_STANDARD = "gnu++20";
				CLANG_ENABLE_MODULES = YES;
				CLANG_ENABLE_OBJC_ARC = YES;
				CLANG_ENABLE_OBJC_WEAK = YES;
				CLANG_WARN_BLOCK_CAPTURE_AUTORELEASING = YES;
				CLANG_WARN_BOOL_CONVERSION = YES;
				CLANG_WARN_COMMA = YES;
				CLANG_WARN_CONSTANT_CONVERSION = YES;
				CLANG_WARN_DEPRECATED_OBJC_IMPLEMENTATIONS = YES;
				CLANG_WARN_DIRECT_OBJC_ISA_USAGE = YES_ERROR;
				CLANG_WARN_DOCUMENTATION_COMMENTS = YES;
				CLANG_WARN_EMPTY_BODY = YES;
				CLANG_WARN_ENUM_CONVERSION = YES;
				CLANG_WARN_INFINITE_RECURSION = YES;
				CLANG_WARN_INT_CONVERSION = YES;
				CLANG_WARN_NON_LITERAL_NULL_CONVERSION = YES;
				CLANG_WARN_OBJC_IMPLICIT_RETAIN_SELF = YES;
				CLANG_WARN_OBJC_LITERAL_CONVERSION = YES;
				CLANG_WARN_OBJC_ROOT_CLASS = YES_ERROR;
				CLANG_WARN_QUOTED_INCLUDE_IN_FRAMEWORK_HEADER = YES;
				CLANG_WARN_RANGE_LOOP_ANALYSIS = YES;
				CLANG_WARN_STRICT_PROTOTYPES = YES;
				CLANG_WARN_SUSPICIOUS_MOVE = YES;
				CLANG_WARN_UNGUARDED_AVAILABILITY = YES_AGGRESSIVE;
				CLANG_WARN_UNREACHABLE_CODE = YES;
				CLANG_WARN__DUPLICATE_METHOD_MATCH = YES;
				COPY_PHASE_STRIP = NO;
				DEBUG_INFORMATION_FORMAT = "dwarf-with-dsym";
				ENABLE_NS_ASSERTIONS = NO;
				ENABLE_STRICT_OBJC_MSGSEND = YES;
				GCC_C_LANGUAGE_STANDARD = gnu11;
				GCC_NO_COMMON_BLOCKS = YES;
				GCC_WARN_64_TO_32_BIT_CONVERSION = YES;
				GCC_WARN_ABOUT_RETURN_TYPE = YES_ERROR;
				GCC_WARN_UNDECLARED_SELECTOR = YES;
				GCC_WARN_UNINITIALIZED_AUTOS = YES_AGGRESSIVE;
				GCC_WARN_UNUSED_FUNCTION = YES;
				GCC_WARN_UNUSED_VARIABLE = YES;
				IPHONEOS_DEPLOYMENT_TARGET = 16.4;
				MTL_ENABLE_DEBUG_INFO = NO;
				MTL_FAST_MATH = YES;
				SDKROOT = iphoneos;
				SWIFT_COMPILATION_MODE = wholemodule;
				SWIFT_OPTIMIZATION_LEVEL = "-O";
				VALIDATE_PRODUCT = YES;
			};
			name = Release;
		};
		764C69522C2425DD0077F29D /* Debug */ = {
			isa = XCBuildConfiguration;
			buildSettings = {
				ASSETCATALOG_COMPILER_APPICON_NAME = AppIcon;
				ASSETCATALOG_COMPILER_GLOBAL_ACCENT_COLOR_NAME = AccentColor;
				CODE_SIGN_STYLE = Automatic;
				CURRENT_PROJECT_VERSION = 1;
				DEVELOPMENT_ASSET_PATHS = "\"TripManager/Preview Content\"";
				DEVELOPMENT_TEAM = 6QU3KG7A58;
				ENABLE_PREVIEWS = YES;
				GENERATE_INFOPLIST_FILE = YES;
				INFOPLIST_KEY_UIApplicationSceneManifest_Generation = YES;
				INFOPLIST_KEY_UIApplicationSupportsIndirectInputEvents = YES;
				INFOPLIST_KEY_UILaunchScreen_Generation = YES;
				INFOPLIST_KEY_UISupportedInterfaceOrientations_iPad = "UIInterfaceOrientationPortrait UIInterfaceOrientationPortraitUpsideDown UIInterfaceOrientationLandscapeLeft UIInterfaceOrientationLandscapeRight";
				INFOPLIST_KEY_UISupportedInterfaceOrientations_iPhone = "UIInterfaceOrientationPortrait UIInterfaceOrientationLandscapeLeft UIInterfaceOrientationLandscapeRight";
				LD_RUNPATH_SEARCH_PATHS = (
					"$(inherited)",
					"@executable_path/Frameworks",
				);
				MARKETING_VERSION = 1.0;
				PRODUCT_BUNDLE_IDENTIFIER = com.alba.TripManager;
				PRODUCT_NAME = "$(TARGET_NAME)";
				SWIFT_EMIT_LOC_STRINGS = YES;
				SWIFT_VERSION = 5.0;
				TARGETED_DEVICE_FAMILY = "1,2";
			};
			name = Debug;
		};
		764C69532C2425DD0077F29D /* Release */ = {
			isa = XCBuildConfiguration;
			buildSettings = {
				ASSETCATALOG_COMPILER_APPICON_NAME = AppIcon;
				ASSETCATALOG_COMPILER_GLOBAL_ACCENT_COLOR_NAME = AccentColor;
				CODE_SIGN_STYLE = Automatic;
				CURRENT_PROJECT_VERSION = 1;
				DEVELOPMENT_ASSET_PATHS = "\"TripManager/Preview Content\"";
				DEVELOPMENT_TEAM = 6QU3KG7A58;
				ENABLE_PREVIEWS = YES;
				GENERATE_INFOPLIST_FILE = YES;
				INFOPLIST_KEY_UIApplicationSceneManifest_Generation = YES;
				INFOPLIST_KEY_UIApplicationSupportsIndirectInputEvents = YES;
				INFOPLIST_KEY_UILaunchScreen_Generation = YES;
				INFOPLIST_KEY_UISupportedInterfaceOrientations_iPad = "UIInterfaceOrientationPortrait UIInterfaceOrientationPortraitUpsideDown UIInterfaceOrientationLandscapeLeft UIInterfaceOrientationLandscapeRight";
				INFOPLIST_KEY_UISupportedInterfaceOrientations_iPhone = "UIInterfaceOrientationPortrait UIInterfaceOrientationLandscapeLeft UIInterfaceOrientationLandscapeRight";
				LD_RUNPATH_SEARCH_PATHS = (
					"$(inherited)",
					"@executable_path/Frameworks",
				);
				MARKETING_VERSION = 1.0;
				PRODUCT_BUNDLE_IDENTIFIER = com.alba.TripManager;
				PRODUCT_NAME = "$(TARGET_NAME)";
				SWIFT_EMIT_LOC_STRINGS = YES;
				SWIFT_VERSION = 5.0;
				TARGETED_DEVICE_FAMILY = "1,2";
			};
			name = Release;
		};
		764C69552C2425DD0077F29D /* Debug */ = {
			isa = XCBuildConfiguration;
			buildSettings = {
				ALWAYS_EMBED_SWIFT_STANDARD_LIBRARIES = YES;
				BUNDLE_LOADER = "$(TEST_HOST)";
				CODE_SIGN_STYLE = Automatic;
				CURRENT_PROJECT_VERSION = 1;
				DEVELOPMENT_TEAM = 6QU3KG7A58;
				GENERATE_INFOPLIST_FILE = YES;
				IPHONEOS_DEPLOYMENT_TARGET = 16.4;
				MARKETING_VERSION = 1.0;
				PRODUCT_BUNDLE_IDENTIFIER = com.alba.TripManagerTests;
				PRODUCT_NAME = "$(TARGET_NAME)";
				SWIFT_EMIT_LOC_STRINGS = NO;
				SWIFT_VERSION = 5.0;
				TARGETED_DEVICE_FAMILY = "1,2";
				TEST_HOST = "$(BUILT_PRODUCTS_DIR)/TripManager.app/$(BUNDLE_EXECUTABLE_FOLDER_PATH)/TripManager";
			};
			name = Debug;
		};
		764C69562C2425DD0077F29D /* Release */ = {
			isa = XCBuildConfiguration;
			buildSettings = {
				ALWAYS_EMBED_SWIFT_STANDARD_LIBRARIES = YES;
				BUNDLE_LOADER = "$(TEST_HOST)";
				CODE_SIGN_STYLE = Automatic;
				CURRENT_PROJECT_VERSION = 1;
				DEVELOPMENT_TEAM = 6QU3KG7A58;
				GENERATE_INFOPLIST_FILE = YES;
				IPHONEOS_DEPLOYMENT_TARGET = 16.4;
				MARKETING_VERSION = 1.0;
				PRODUCT_BUNDLE_IDENTIFIER = com.alba.TripManagerTests;
				PRODUCT_NAME = "$(TARGET_NAME)";
				SWIFT_EMIT_LOC_STRINGS = NO;
				SWIFT_VERSION = 5.0;
				TARGETED_DEVICE_FAMILY = "1,2";
				TEST_HOST = "$(BUILT_PRODUCTS_DIR)/TripManager.app/$(BUNDLE_EXECUTABLE_FOLDER_PATH)/TripManager";
			};
			name = Release;
		};
		764C69582C2425DD0077F29D /* Debug */ = {
			isa = XCBuildConfiguration;
			buildSettings = {
				ALWAYS_EMBED_SWIFT_STANDARD_LIBRARIES = YES;
				CODE_SIGN_STYLE = Automatic;
				CURRENT_PROJECT_VERSION = 1;
				DEVELOPMENT_TEAM = 6QU3KG7A58;
				GENERATE_INFOPLIST_FILE = YES;
				MARKETING_VERSION = 1.0;
				PRODUCT_BUNDLE_IDENTIFIER = com.alba.TripManagerUITests;
				PRODUCT_NAME = "$(TARGET_NAME)";
				SWIFT_EMIT_LOC_STRINGS = NO;
				SWIFT_VERSION = 5.0;
				TARGETED_DEVICE_FAMILY = "1,2";
				TEST_TARGET_NAME = TripManager;
			};
			name = Debug;
		};
		764C69592C2425DD0077F29D /* Release */ = {
			isa = XCBuildConfiguration;
			buildSettings = {
				ALWAYS_EMBED_SWIFT_STANDARD_LIBRARIES = YES;
				CODE_SIGN_STYLE = Automatic;
				CURRENT_PROJECT_VERSION = 1;
				DEVELOPMENT_TEAM = 6QU3KG7A58;
				GENERATE_INFOPLIST_FILE = YES;
				MARKETING_VERSION = 1.0;
				PRODUCT_BUNDLE_IDENTIFIER = com.alba.TripManagerUITests;
				PRODUCT_NAME = "$(TARGET_NAME)";
				SWIFT_EMIT_LOC_STRINGS = NO;
				SWIFT_VERSION = 5.0;
				TARGETED_DEVICE_FAMILY = "1,2";
				TEST_TARGET_NAME = TripManager;
			};
			name = Release;
		};
/* End XCBuildConfiguration section */

/* Begin XCConfigurationList section */
		764C69282C2425DB0077F29D /* Build configuration list for PBXProject "TripManager" */ = {
			isa = XCConfigurationList;
			buildConfigurations = (
				764C694F2C2425DD0077F29D /* Debug */,
				764C69502C2425DD0077F29D /* Release */,
			);
			defaultConfigurationIsVisible = 0;
			defaultConfigurationName = Release;
		};
		764C69512C2425DD0077F29D /* Build configuration list for PBXNativeTarget "TripManager" */ = {
			isa = XCConfigurationList;
			buildConfigurations = (
				764C69522C2425DD0077F29D /* Debug */,
				764C69532C2425DD0077F29D /* Release */,
			);
			defaultConfigurationIsVisible = 0;
			defaultConfigurationName = Release;
		};
		764C69542C2425DD0077F29D /* Build configuration list for PBXNativeTarget "TripManagerTests" */ = {
			isa = XCConfigurationList;
			buildConfigurations = (
				764C69552C2425DD0077F29D /* Debug */,
				764C69562C2425DD0077F29D /* Release */,
			);
			defaultConfigurationIsVisible = 0;
			defaultConfigurationName = Release;
		};
		764C69572C2425DD0077F29D /* Build configuration list for PBXNativeTarget "TripManagerUITests" */ = {
			isa = XCConfigurationList;
			buildConfigurations = (
				764C69582C2425DD0077F29D /* Debug */,
				764C69592C2425DD0077F29D /* Release */,
			);
			defaultConfigurationIsVisible = 0;
			defaultConfigurationName = Release;
		};
/* End XCConfigurationList section */

/* Begin XCRemoteSwiftPackageReference section */
		764C698A2C287BAF0077F29D /* XCRemoteSwiftPackageReference "Polyline" */ = {
			isa = XCRemoteSwiftPackageReference;
			repositoryURL = "https://github.com/raphaelmor/Polyline.git";
			requirement = {
				branch = master;
				kind = branch;
			};
		};
/* End XCRemoteSwiftPackageReference section */

/* Begin XCSwiftPackageProductDependency section */
		764C698B2C287BAF0077F29D /* Polyline */ = {
			isa = XCSwiftPackageProductDependency;
			package = 764C698A2C287BAF0077F29D /* XCRemoteSwiftPackageReference "Polyline" */;
			productName = Polyline;
		};
/* End XCSwiftPackageProductDependency section */
	};
	rootObject = 764C69252C2425DB0077F29D /* Project object */;
}
